
Microsoft Visual Studio Solution File, Format Version 12.00
# Visual Studio Version 17
VisualStudioVersion = 17.10.35013.160
MinimumVisualStudioVersion = 10.0.40219.1
Project("{FAE04EC0-301F-11D3-BF4B-00C04F79EFBC}") = "StudentRecordAutomation", "StudentRecordAutomation\StudentRecordAutomation.csproj", "{64E512ED-9371-4FFE-BEB8-81B31F8F2300}"
EndProject
Global
	GlobalSection(SolutionConfigurationPlatforms) = preSolution
		Debug|Any CPU = Debug|Any CPU
		Release|Any CPU = Release|Any CPU
	EndGlobalSection
	GlobalSection(ProjectConfigurationPlatforms) = postSolution
		{64E512ED-9371-4FFE-BEB8-81B31F8F2300}.Debug|Any CPU.ActiveCfg = Debug|Any CPU
		{64E512ED-9371-4FFE-BEB8-81B31F8F2300}.Debug|Any CPU.Build.0 = Debug|Any CPU
		{64E512ED-9371-4FFE-BEB8-81B31F8F2300}.Release|Any CPU.ActiveCfg = Release|Any CPU
		{64E512ED-9371-4FFE-BEB8-81B31F8F2300}.Release|Any CPU.Build.0 = Release|Any CPU
	EndGlobalSection
	GlobalSection(SolutionProperties) = preSolution
		HideSolutionNode = FALSE
	EndGlobalSection
	GlobalSection(ExtensibilityGlobals) = postSolution
		SolutionGuid = {9A34CBA0-4F42-459A-A886-56DE350BA9C1}
	EndGlobalSection
EndGlobal
